// !$*UTF8*$!
{
	archiveVersion = 1;
	classes = {
	};
	objectVersion = 50;
	objects = {

/* Begin PBXBuildFile section */
		7913E0512251233B00A9448D /* GalleriaUITests.swift in Sources */ = {isa = PBXBuildFile; fileRef = 7913E0502251233B00A9448D /* GalleriaUITests.swift */; };
		793B02CB2250C67E00C4B7D6 /* AddViewController.swift in Sources */ = {isa = PBXBuildFile; fileRef = 793B02CA2250C67E00C4B7D6 /* AddViewController.swift */; };
		797DC724225074B900946A2F /* AppDelegate.swift in Sources */ = {isa = PBXBuildFile; fileRef = 797DC723225074B900946A2F /* AppDelegate.swift */; };
		797DC729225074B900946A2F /* Main.storyboard in Resources */ = {isa = PBXBuildFile; fileRef = 797DC727225074B900946A2F /* Main.storyboard */; };
		797DC72C225074B900946A2F /* Galleria.xcdatamodeld in Sources */ = {isa = PBXBuildFile; fileRef = 797DC72A225074B900946A2F /* Galleria.xcdatamodeld */; };
		797DC72E225074BB00946A2F /* Assets.xcassets in Resources */ = {isa = PBXBuildFile; fileRef = 797DC72D225074BB00946A2F /* Assets.xcassets */; };
		797DC731225074BB00946A2F /* LaunchScreen.storyboard in Resources */ = {isa = PBXBuildFile; fileRef = 797DC72F225074BB00946A2F /* LaunchScreen.storyboard */; };
		797DC73922507A5800946A2F /* TableViewController.swift in Sources */ = {isa = PBXBuildFile; fileRef = 797DC73822507A5800946A2F /* TableViewController.swift */; };
		797DC73B22507A7100946A2F /* TableViewCell.swift in Sources */ = {isa = PBXBuildFile; fileRef = 797DC73A22507A7100946A2F /* TableViewCell.swift */; };
		797DC73E22507C8000946A2F /* Photo+CoreDataClass.swift in Sources */ = {isa = PBXBuildFile; fileRef = 797DC73C22507C8000946A2F /* Photo+CoreDataClass.swift */; };
		797DC73F22507C8000946A2F /* Photo+CoreDataProperties.swift in Sources */ = {isa = PBXBuildFile; fileRef = 797DC73D22507C8000946A2F /* Photo+CoreDataProperties.swift */; };
		797DC74222507CD700946A2F /* CoreData.framework in Frameworks */ = {isa = PBXBuildFile; fileRef = 797DC74122507CD700946A2F /* CoreData.framework */; };
/* End PBXBuildFile section */

/* Begin PBXContainerItemProxy section */
		7913E0532251233B00A9448D /* PBXContainerItemProxy */ = {
			isa = PBXContainerItemProxy;
			containerPortal = 797DC718225074B900946A2F /* Project object */;
			proxyType = 1;
			remoteGlobalIDString = 797DC71F225074B900946A2F;
			remoteInfo = Galleria;
		};
/* End PBXContainerItemProxy section */

/* Begin PBXFileReference section */
		7913E04E2251233B00A9448D /* GalleriaUITests.xctest */ = {isa = PBXFileReference; explicitFileType = wrapper.cfbundle; includeInIndex = 0; path = GalleriaUITests.xctest; sourceTree = BUILT_PRODUCTS_DIR; };
		7913E0502251233B00A9448D /* GalleriaUITests.swift */ = {isa = PBXFileReference; lastKnownFileType = sourcecode.swift; path = GalleriaUITests.swift; sourceTree = "<group>"; };
		7913E0522251233B00A9448D /* Info.plist */ = {isa = PBXFileReference; lastKnownFileType = text.plist.xml; path = Info.plist; sourceTree = "<group>"; };
		793B02CA2250C67E00C4B7D6 /* AddViewController.swift */ = {isa = PBXFileReference; lastKnownFileType = sourcecode.swift; path = AddViewController.swift; sourceTree = "<group>"; };
		797DC720225074B900946A2F /* Galleria.app */ = {isa = PBXFileReference; explicitFileType = wrapper.application; includeInIndex = 0; path = Galleria.app; sourceTree = BUILT_PRODUCTS_DIR; };
		797DC723225074B900946A2F /* AppDelegate.swift */ = {isa = PBXFileReference; lastKnownFileType = sourcecode.swift; path = AppDelegate.swift; sourceTree = "<group>"; };
		797DC728225074B900946A2F /* Base */ = {isa = PBXFileReference; lastKnownFileType = file.storyboard; name = Base; path = Base.lproj/Main.storyboard; sourceTree = "<group>"; };
		797DC72B225074B900946A2F /* Galleria.xcdatamodel */ = {isa = PBXFileReference; lastKnownFileType = wrapper.xcdatamodel; path = Galleria.xcdatamodel; sourceTree = "<group>"; };
		797DC72D225074BB00946A2F /* Assets.xcassets */ = {isa = PBXFileReference; lastKnownFileType = folder.assetcatalog; path = Assets.xcassets; sourceTree = "<group>"; };
		797DC730225074BB00946A2F /* Base */ = {isa = PBXFileReference; lastKnownFileType = file.storyboard; name = Base; path = Base.lproj/LaunchScreen.storyboard; sourceTree = "<group>"; };
		797DC732225074BB00946A2F /* Info.plist */ = {isa = PBXFileReference; lastKnownFileType = text.plist.xml; path = Info.plist; sourceTree = "<group>"; };
		797DC73822507A5800946A2F /* TableViewController.swift */ = {isa = PBXFileReference; lastKnownFileType = sourcecode.swift; path = TableViewController.swift; sourceTree = "<group>"; };
		797DC73A22507A7100946A2F /* TableViewCell.swift */ = {isa = PBXFileReference; lastKnownFileType = sourcecode.swift; path = TableViewCell.swift; sourceTree = "<group>"; };
		797DC73C22507C8000946A2F /* Photo+CoreDataClass.swift */ = {isa = PBXFileReference; lastKnownFileType = sourcecode.swift; path = "Photo+CoreDataClass.swift"; sourceTree = "<group>"; };
		797DC73D22507C8000946A2F /* Photo+CoreDataProperties.swift */ = {isa = PBXFileReference; lastKnownFileType = sourcecode.swift; path = "Photo+CoreDataProperties.swift"; sourceTree = "<group>"; };
		797DC74122507CD700946A2F /* CoreData.framework */ = {isa = PBXFileReference; lastKnownFileType = wrapper.framework; name = CoreData.framework; path = System/Library/Frameworks/CoreData.framework; sourceTree = SDKROOT; };
/* End PBXFileReference section */

/* Begin PBXFrameworksBuildPhase section */
		7913E04B2251233B00A9448D /* Frameworks */ = {
			isa = PBXFrameworksBuildPhase;
			buildActionMask = 2147483647;
			files = (
			);
			runOnlyForDeploymentPostprocessing = 0;
		};
		797DC71D225074B900946A2F /* Frameworks */ = {
			isa = PBXFrameworksBuildPhase;
			buildActionMask = 2147483647;
			files = (
				797DC74222507CD700946A2F /* CoreData.framework in Frameworks */,
			);
			runOnlyForDeploymentPostprocessing = 0;
		};
/* End PBXFrameworksBuildPhase section */

/* Begin PBXGroup section */
		7913E04F2251233B00A9448D /* GalleriaUITests */ = {
			isa = PBXGroup;
			children = (
				7913E0502251233B00A9448D /* GalleriaUITests.swift */,
				7913E0522251233B00A9448D /* Info.plist */,
			);
			path = GalleriaUITests;
			sourceTree = "<group>";
		};
		797DC717225074B900946A2F = {
			isa = PBXGroup;
			children = (
				797DC73C22507C8000946A2F /* Photo+CoreDataClass.swift */,
				797DC73D22507C8000946A2F /* Photo+CoreDataProperties.swift */,
				797DC722225074B900946A2F /* Galleria */,
				7913E04F2251233B00A9448D /* GalleriaUITests */,
				797DC721225074B900946A2F /* Products */,
				797DC74022507CD700946A2F /* Frameworks */,
			);
			sourceTree = "<group>";
		};
		797DC721225074B900946A2F /* Products */ = {
			isa = PBXGroup;
			children = (
				797DC720225074B900946A2F /* Galleria.app */,
				7913E04E2251233B00A9448D /* GalleriaUITests.xctest */,
			);
			name = Products;
			sourceTree = "<group>";
		};
		797DC722225074B900946A2F /* Galleria */ = {
			isa = PBXGroup;
			children = (
				797DC723225074B900946A2F /* AppDelegate.swift */,
				797DC73822507A5800946A2F /* TableViewController.swift */,
				797DC73A22507A7100946A2F /* TableViewCell.swift */,
				793B02CA2250C67E00C4B7D6 /* AddViewController.swift */,
				797DC727225074B900946A2F /* Main.storyboard */,
				797DC72D225074BB00946A2F /* Assets.xcassets */,
				797DC72F225074BB00946A2F /* LaunchScreen.storyboard */,
				797DC732225074BB00946A2F /* Info.plist */,
				797DC72A225074B900946A2F /* Galleria.xcdatamodeld */,
			);
			path = Galleria;
			sourceTree = "<group>";
		};
		797DC74022507CD700946A2F /* Frameworks */ = {
			isa = PBXGroup;
			children = (
				797DC74122507CD700946A2F /* CoreData.framework */,
			);
			name = Frameworks;
			sourceTree = "<group>";
		};
/* End PBXGroup section */

/* Begin PBXNativeTarget section */
		7913E04D2251233B00A9448D /* GalleriaUITests */ = {
			isa = PBXNativeTarget;
			buildConfigurationList = 7913E0572251233B00A9448D /* Build configuration list for PBXNativeTarget "GalleriaUITests" */;
			buildPhases = (
				7913E04A2251233B00A9448D /* Sources */,
				7913E04B2251233B00A9448D /* Frameworks */,
				7913E04C2251233B00A9448D /* Resources */,
			);
			buildRules = (
			);
			dependencies = (
				7913E0542251233B00A9448D /* PBXTargetDependency */,
			);
			name = GalleriaUITests;
			productName = GalleriaUITests;
			productReference = 7913E04E2251233B00A9448D /* GalleriaUITests.xctest */;
			productType = "com.apple.product-type.bundle.ui-testing";
		};
		797DC71F225074B900946A2F /* Galleria */ = {
			isa = PBXNativeTarget;
			buildConfigurationList = 797DC735225074BB00946A2F /* Build configuration list for PBXNativeTarget "Galleria" */;
			buildPhases = (
				797DC71C225074B900946A2F /* Sources */,
				797DC71D225074B900946A2F /* Frameworks */,
				797DC71E225074B900946A2F /* Resources */,
			);
			buildRules = (
			);
			dependencies = (
			);
			name = Galleria;
			productName = Galleria;
			productReference = 797DC720225074B900946A2F /* Galleria.app */;
			productType = "com.apple.product-type.application";
		};
/* End PBXNativeTarget section */

/* Begin PBXProject section */
		797DC718225074B900946A2F /* Project object */ = {
			isa = PBXProject;
			attributes = {
				LastSwiftUpdateCheck = 1010;
				LastUpgradeCheck = 1010;
				ORGANIZATIONNAME = Pramodya;
				TargetAttributes = {
					7913E04D2251233B00A9448D = {
						CreatedOnToolsVersion = 10.1;
						TestTargetID = 797DC71F225074B900946A2F;
					};
					797DC71F225074B900946A2F = {
						CreatedOnToolsVersion = 10.1;
					};
				};
			};
			buildConfigurationList = 797DC71B225074B900946A2F /* Build configuration list for PBXProject "Galleria" */;
			compatibilityVersion = "Xcode 9.3";
			developmentRegion = en;
			hasScannedForEncodings = 0;
			knownRegions = (
				en,
				Base,
			);
			mainGroup = 797DC717225074B900946A2F;
			productRefGroup = 797DC721225074B900946A2F /* Products */;
			projectDirPath = "";
			projectRoot = "";
			targets = (
				797DC71F225074B900946A2F /* Galleria */,
				7913E04D2251233B00A9448D /* GalleriaUITests */,
			);
		};
/* End PBXProject section */

/* Begin PBXResourcesBuildPhase section */
		7913E04C2251233B00A9448D /* Resources */ = {
			isa = PBXResourcesBuildPhase;
			buildActionMask = 2147483647;
			files = (
			);
			runOnlyForDeploymentPostprocessing = 0;
		};
		797DC71E225074B900946A2F /* Resources */ = {
			isa = PBXResourcesBuildPhase;
			buildActionMask = 2147483647;
			files = (
				797DC731225074BB00946A2F /* LaunchScreen.storyboard in Resources */,
				797DC72E225074BB00946A2F /* Assets.xcassets in Resources */,
				797DC729225074B900946A2F /* Main.storyboard in Resources */,
			);
			runOnlyForDeploymentPostprocessing = 0;
		};
/* End PBXResourcesBuildPhase section */

/* Begin PBXSourcesBuildPhase section */
		7913E04A2251233B00A9448D /* Sources */ = {
			isa = PBXSourcesBuildPhase;
			buildActionMask = 2147483647;
			files = (
				7913E0512251233B00A9448D /* GalleriaUITests.swift in Sources */,
			);
			runOnlyForDeploymentPostprocessing = 0;
		};
		797DC71C225074B900946A2F /* Sources */ = {
			isa = PBXSourcesBuildPhase;
			buildActionMask = 2147483647;
			files = (
				797DC73F22507C8000946A2F /* Photo+CoreDataProperties.swift in Sources */,
				797DC73E22507C8000946A2F /* Photo+CoreDataClass.swift in Sources */,
				793B02CB2250C67E00C4B7D6 /* AddViewController.swift in Sources */,
				797DC72C225074B900946A2F /* Galleria.xcdatamodeld in Sources */,
				797DC73B22507A7100946A2F /* TableViewCell.swift in Sources */,
				797DC73922507A5800946A2F /* TableViewController.swift in Sources */,
				797DC724225074B900946A2F /* AppDelegate.swift in Sources */,
			);
			runOnlyForDeploymentPostprocessing = 0;
		};
/* End PBXSourcesBuildPhase section */

/* Begin PBXTargetDependency section */
		7913E0542251233B00A9448D /* PBXTargetDependency */ = {
			isa = PBXTargetDependency;
			target = 797DC71F225074B900946A2F /* Galleria */;
			targetProxy = 7913E0532251233B00A9448D /* PBXContainerItemProxy */;
		};
/* End PBXTargetDependency section */

/* Begin PBXVariantGroup section */
		797DC727225074B900946A2F /* Main.storyboard */ = {
			isa = PBXVariantGroup;
			children = (
				797DC728225074B900946A2F /* Base */,
			);
			name = Main.storyboard;
			sourceTree = "<group>";
		};
		797DC72F225074BB00946A2F /* LaunchScreen.storyboard */ = {
			isa = PBXVariantGroup;
			children = (
				797DC730225074BB00946A2F /* Base */,
			);
			name = LaunchScreen.storyboard;
			sourceTree = "<group>";
		};
/* End PBXVariantGroup section */

/* Begin XCBuildConfiguration section */
		7913E0552251233B00A9448D /* Debug */ = {
			isa = XCBuildConfiguration;
			buildSettings = {
				CODE_SIGN_STYLE = Automatic;
				DEVELOPMENT_TEAM = X2332K5HVA;
				INFOPLIST_FILE = GalleriaUITests/Info.plist;
				LD_RUNPATH_SEARCH_PATHS = (
					"$(inherited)",
					"@executable_path/Frameworks",
					"@loader_path/Frameworks",
				);
				PRODUCT_BUNDLE_IDENTIFIER = com.pramodya.GalleriaUITests;
				PRODUCT_NAME = "$(TARGET_NAME)";
				SWIFT_VERSION = 4.2;
				TARGETED_DEVICE_FAMILY = "1,2";
				TEST_TARGET_NAME = Galleria;
			};
			name = Debug;
		};
		7913E0562251233B00A9448D /* Release */ = {
			isa = XCBuildConfiguration;
			buildSettings = {
				CODE_SIGN_STYLE = Automatic;
				DEVELOPMENT_TEAM = X2332K5HVA;
				INFOPLIST_FILE = GalleriaUITests/Info.plist;
				LD_RUNPATH_SEARCH_PATHS = (
					"$(inherited)",
					"@executable_path/Frameworks",
					"@loader_path/Frameworks",
				);
				PRODUCT_BUNDLE_IDENTIFIER = com.pramodya.GalleriaUITests;
				PRODUCT_NAME = "$(TARGET_NAME)";
				SWIFT_VERSION = 4.2;
				TARGETED_DEVICE_FAMILY = "1,2";
				TEST_TARGET_NAME = Galleria;
			};
			name = Release;
		};
		797DC733225074BB00946A2F /* Debug */ = {
			isa = XCBuildConfiguration;
			buildSettings = {
				ALWAYS_SEARCH_USER_PATHS = NO;
				CLANG_ANALYZER_NONNULL = YES;
				CLANG_ANALYZER_NUMBER_OBJECT_CONVERSION = YES_AGGRESSIVE;
				CLANG_CXX_LANGUAGE_STANDARD = "gnu++14";
				CLANG_CXX_LIBRARY = "libc++";
				CLANG_ENABLE_MODULES = YES;
				CLANG_ENABLE_OBJC_ARC = YES;
				CLANG_ENABLE_OBJC_WEAK = YES;
				CLANG_WARN_BLOCK_CAPTURE_AUTORELEASING = YES;
				CLANG_WARN_BOOL_CONVERSION = YES;
				CLANG_WARN_COMMA = YES;
				CLANG_WARN_CONSTANT_CONVERSION = YES;
				CLANG_WARN_DEPRECATED_OBJC_IMPLEMENTATIONS = YES;
				CLANG_WARN_DIRECT_OBJC_ISA_USAGE = YES_ERROR;
				CLANG_WARN_DOCUMENTATION_COMMENTS = YES;
				CLANG_WARN_EMPTY_BODY = YES;
				CLANG_WARN_ENUM_CONVERSION = YES;
				CLANG_WARN_INFINITE_RECURSION = YES;
				CLANG_WARN_INT_CONVERSION = YES;
				CLANG_WARN_NON_LITERAL_NULL_CONVERSION = YES;
				CLANG_WARN_OBJC_IMPLICIT_RETAIN_SELF = YES;
				CLANG_WARN_OBJC_LITERAL_CONVERSION = YES;
				CLANG_WARN_OBJC_ROOT_CLASS = YES_ERROR;
				CLANG_WARN_RANGE_LOOP_ANALYSIS = YES;
				CLANG_WARN_STRICT_PROTOTYPES = YES;
				CLANG_WARN_SUSPICIOUS_MOVE = YES;
				CLANG_WARN_UNGUARDED_AVAILABILITY = YES_AGGRESSIVE;
				CLANG_WARN_UNREACHABLE_CODE = YES;
				CLANG_WARN__DUPLICATE_METHOD_MATCH = YES;
				CODE_SIGN_IDENTITY = "iPhone Developer";
				COPY_PHASE_STRIP = NO;
				DEBUG_INFORMATION_FORMAT = dwarf;
				ENABLE_STRICT_OBJC_MSGSEND = YES;
				ENABLE_TESTABILITY = YES;
				GCC_C_LANGUAGE_STANDARD = gnu11;
				GCC_DYNAMIC_NO_PIC = NO;
				GCC_NO_COMMON_BLOCKS = YES;
				GCC_OPTIMIZATION_LEVEL = 0;
				GCC_PREPROCESSOR_DEFINITIONS = (
					"DEBUG=1",
					"$(inherited)",
				);
				GCC_WARN_64_TO_32_BIT_CONVERSION = YES;
				GCC_WARN_ABOUT_RETURN_TYPE = YES_ERROR;
				GCC_WARN_UNDECLARED_SELECTOR = YES;
				GCC_WARN_UNINITIALIZED_AUTOS = YES_AGGRESSIVE;
				GCC_WARN_UNUSED_FUNCTION = YES;
				GCC_WARN_UNUSED_VARIABLE = YES;
				IPHONEOS_DEPLOYMENT_TARGET = 12.1;
				MTL_ENABLE_DEBUG_INFO = INCLUDE_SOURCE;
				MTL_FAST_MATH = YES;
				ONLY_ACTIVE_ARCH = YES;
				SDKROOT = iphoneos;
				SWIFT_ACTIVE_COMPILATION_CONDITIONS = DEBUG;
				SWIFT_OPTIMIZATION_LEVEL = "-Onone";
			};
			name = Debug;
		};
		797DC734225074BB00946A2F /* Release */ = {
			isa = XCBuildConfiguration;
			buildSettings = {
				ALWAYS_SEARCH_USER_PATHS = NO;
				CLANG_ANALYZER_NONNULL = YES;
				CLANG_ANALYZER_NUMBER_OBJECT_CONVERSION = YES_AGGRESSIVE;
				CLANG_CXX_LANGUAGE_STANDARD = "gnu++14";
				CLANG_CXX_LIBRARY = "libc++";
				CLANG_ENABLE_MODULES = YES;
				CLANG_ENABLE_OBJC_ARC = YES;
				CLANG_ENABLE_OBJC_WEAK = YES;
				CLANG_WARN_BLOCK_CAPTURE_AUTORELEASING = YES;
				CLANG_WARN_BOOL_CONVERSION = YES;
				CLANG_WARN_COMMA = YES;
				CLANG_WARN_CONSTANT_CONVERSION = YES;
				CLANG_WARN_DEPRECATED_OBJC_IMPLEMENTATIONS = YES;
				CLANG_WARN_DIRECT_OBJC_ISA_USAGE = YES_ERROR;
				CLANG_WARN_DOCUMENTATION_COMMENTS = YES;
				CLANG_WARN_EMPTY_BODY = YES;
				CLANG_WARN_ENUM_CONVERSION = YES;
				CLANG_WARN_INFINITE_RECURSION = YES;
				CLANG_WARN_INT_CONVERSION = YES;
				CLANG_WARN_NON_LITERAL_NULL_CONVERSION = YES;
				CLANG_WARN_OBJC_IMPLICIT_RETAIN_SELF = YES;
				CLANG_WARN_OBJC_LITERAL_CONVERSION = YES;
				CLANG_WARN_OBJC_ROOT_CLASS = YES_ERROR;
				CLANG_WARN_RANGE_LOOP_ANALYSIS = YES;
				CLANG_WARN_STRICT_PROTOTYPES = YES;
				CLANG_WARN_SUSPICIOUS_MOVE = YES;
				CLANG_WARN_UNGUARDED_AVAILABILITY = YES_AGGRESSIVE;
				CLANG_WARN_UNREACHABLE_CODE = YES;
				CLANG_WARN__DUPLICATE_METHOD_MATCH = YES;
				CODE_SIGN_IDENTITY = "iPhone Developer";
				COPY_PHASE_STRIP = NO;
				DEBUG_INFORMATION_FORMAT = "dwarf-with-dsym";
				ENABLE_NS_ASSERTIONS = NO;
				ENABLE_STRICT_OBJC_MSGSEND = YES;
				GCC_C_LANGUAGE_STANDARD = gnu11;
				GCC_NO_COMMON_BLOCKS = YES;
				GCC_WARN_64_TO_32_BIT_CONVERSION = YES;
				GCC_WARN_ABOUT_RETURN_TYPE = YES_ERROR;
				GCC_WARN_UNDECLARED_SELECTOR = YES;
				GCC_WARN_UNINITIALIZED_AUTOS = YES_AGGRESSIVE;
				GCC_WARN_UNUSED_FUNCTION = YES;
				GCC_WARN_UNUSED_VARIABLE = YES;
				IPHONEOS_DEPLOYMENT_TARGET = 12.1;
				MTL_ENABLE_DEBUG_INFO = NO;
				MTL_FAST_MATH = YES;
				SDKROOT = iphoneos;
				SWIFT_COMPILATION_MODE = wholemodule;
				SWIFT_OPTIMIZATION_LEVEL = "-O";
				VALIDATE_PRODUCT = YES;
			};
			name = Release;
		};
		797DC736225074BB00946A2F /* Debug */ = {
			isa = XCBuildConfiguration;
			buildSettings = {
				ASSETCATALOG_COMPILER_APPICON_NAME = AppIcon;
				CODE_SIGN_STYLE = Automatic;
				DEVELOPMENT_TEAM = X2332K5HVA;
				INFOPLIST_FILE = Galleria/Info.plist;
				LD_RUNPATH_SEARCH_PATHS = (
					"$(inherited)",
					"@executable_path/Frameworks",
				);
				PRODUCT_BUNDLE_IDENTIFIER = com.pramodya.Galleria;
				PRODUCT_NAME = "$(TARGET_NAME)";
				SWIFT_VERSION = 4.2;
				TARGETED_DEVICE_FAMILY = "1,2";
			};
			name = Debug;
		};
		797DC737225074BB00946A2F /* Release */ = {
			isa = XCBuildConfiguration;
			buildSettings = {
				ASSETCATALOG_COMPILER_APPICON_NAME = AppIcon;
				CODE_SIGN_STYLE = Automatic;
				DEVELOPMENT_TEAM = X2332K5HVA;
				INFOPLIST_FILE = Galleria/Info.plist;
				LD_RUNPATH_SEARCH_PATHS = (
					"$(inherited)",
					"@executable_path/Frameworks",
				);
				PRODUCT_BUNDLE_IDENTIFIER = com.pramodya.Galleria;
				PRODUCT_NAME = "$(TARGET_NAME)";
				SWIFT_VERSION = 4.2;
				TARGETED_DEVICE_FAMILY = "1,2";
			};
			name = Release;
		};
/* End XCBuildConfiguration section */

/* Begin XCConfigurationList section */
		7913E0572251233B00A9448D /* Build configuration list for PBXNativeTarget "GalleriaUITests" */ = {
			isa = XCConfigurationList;
			buildConfigurations = (
				7913E0552251233B00A9448D /* Debug */,
				7913E0562251233B00A9448D /* Release */,
			);
			defaultConfigurationIsVisible = 0;
			defaultConfigurationName = Release;
		};
		797DC71B225074B900946A2F /* Build configuration list for PBXProject "Galleria" */ = {
			isa = XCConfigurationList;
			buildConfigurations = (
				797DC733225074BB00946A2F /* Debug */,
				797DC734225074BB00946A2F /* Release */,
			);
			defaultConfigurationIsVisible = 0;
			defaultConfigurationName = Release;
		};
		797DC735225074BB00946A2F /* Build configuration list for PBXNativeTarget "Galleria" */ = {
			isa = XCConfigurationList;
			buildConfigurations = (
				797DC736225074BB00946A2F /* Debug */,
				797DC737225074BB00946A2F /* Release */,
			);
			defaultConfigurationIsVisible = 0;
			defaultConfigurationName = Release;
		};
/* End XCConfigurationList section */

/* Begin XCVersionGroup section */
		797DC72A225074B900946A2F /* Galleria.xcdatamodeld */ = {
			isa = XCVersionGroup;
			children = (
				797DC72B225074B900946A2F /* Galleria.xcdatamodel */,
			);
			currentVersion = 797DC72B225074B900946A2F /* Galleria.xcdatamodel */;
			path = Galleria.xcdatamodeld;
			sourceTree = "<group>";
			versionGroupType = wrapper.xcdatamodel;
		};
/* End XCVersionGroup section */
	};
	rootObject = 797DC718225074B900946A2F /* Project object */;
}
